
Microsoft Visual Studio Solution File, Format Version 12.00
# Visual Studio Version 17
VisualStudioVersion = 17.11.35222.181
MinimumVisualStudioVersion = 10.0.40219.1
Project("{FAE04EC0-301F-11D3-BF4B-00C04F79EFBC}") = "YourWorldOfTextAutomation", "YourWorldOfTextAutomation\YourWorldOfTextAutomation.csproj", "{2B7D8B4C-A114-4226-8F5D-52BD6C85C2BB}"
EndProject
Global
	GlobalSection(SolutionConfigurationPlatforms) = preSolution
		Debug|Any CPU = Debug|Any CPU
		Release|Any CPU = Release|Any CPU
	EndGlobalSection
	GlobalSection(ProjectConfigurationPlatforms) = postSolution
		{2B7D8B4C-A114-4226-8F5D-52BD6C85C2BB}.Debug|Any CPU.ActiveCfg = Debug|Any CPU
		{2B7D8B4C-A114-4226-8F5D-52BD6C85C2BB}.Debug|Any CPU.Build.0 = Debug|Any CPU
		{2B7D8B4C-A114-4226-8F5D-52BD6C85C2BB}.Release|Any CPU.ActiveCfg = Release|Any CPU
		{2B7D8B4C-A114-4226-8F5D-52BD6C85C2BB}.Release|Any CPU.Build.0 = Release|Any CPU
	EndGlobalSection
	GlobalSection(SolutionProperties) = preSolution
		HideSolutionNode = FALSE
	EndGlobalSection
	GlobalSection(ExtensibilityGlobals) = postSolution
		SolutionGuid = {2543D5D0-A173-4139-AD39-233CE4EC8D50}
	EndGlobalSection
EndGlobal
